
Microsoft Visual Studio Solution File, Format Version 12.00
# Visual Studio Version 17
VisualStudioVersion = 17.3.32929.385
MinimumVisualStudioVersion = 10.0.40219.1
Project("{FAE04EC0-301F-11D3-BF4B-00C04F79EFBC}") = "BFS", "BFS.csproj", "{F97069BB-1E7B-4339-9137-D76551154B1C}"
EndProject
Global
	GlobalSection(SolutionConfigurationPlatforms) = preSolution
		Debug|Any CPU = Debug|Any CPU
		Release|Any CPU = Release|Any CPU
	EndGlobalSection
	GlobalSection(ProjectConfigurationPlatforms) = postSolution
		{F97069BB-1E7B-4339-9137-D76551154B1C}.Debug|Any CPU.ActiveCfg = Debug|Any CPU
		{F97069BB-1E7B-4339-9137-D76551154B1C}.Debug|Any CPU.Build.0 = Debug|Any CPU
		{F97069BB-1E7B-4339-9137-D76551154B1C}.Release|Any CPU.ActiveCfg = Release|Any CPU
		{F97069BB-1E7B-4339-9137-D76551154B1C}.Release|Any CPU.Build.0 = Release|Any CPU
	EndGlobalSection
	GlobalSection(SolutionProperties) = preSolution
		HideSolutionNode = FALSE
	EndGlobalSection
	GlobalSection(ExtensibilityGlobals) = postSolution
		SolutionGuid = {015F3676-17D7-4256-88BF-19A8F8ED2AA9}
	EndGlobalSection
EndGlobal
